# This file is automatically @generated by Cargo.
# It is not intended for manual editing.
[[package]]
name = "app"
version = "0.1.0"
dependencies = [
 "base 0.1.0 (git+https://github.com/beneschorg/cargo-7282-base)",
 "intermediate 0.1.0 (git+https://github.com/benesch/cargo-7282-intermediate.git)",
]

[[package]]
name = "base"
version = "0.1.0"
source = "git+https://github.com/beneschorg/cargo-7282-base#d9a4eca55fa823704228925196b3615a1d3450db"

[[package]]
name = "intermediate"
version = "0.1.0"
source = "git+https://github.com/benesch/cargo-7282-intermediate.git#e4c653dda61562ef5f932359f7f71674305d2572"
dependencies = [
 "base 0.1.0 (git+https://github.com/beneschorg/cargo-7282-base)",
]

[metadata]
"checksum base 0.1.0 (git+https://github.com/beneschorg/cargo-7282-base)" = "<none>"
"checksum intermediate 0.1.0 (git+https://github.com/benesch/cargo-7282-intermediate.git)" = "<none>"
